
Microsoft Visual Studio Solution File, Format Version 12.00
# Visual Studio Version 17
VisualStudioVersion = 17.4.33122.133
MinimumVisualStudioVersion = 10.0.40219.1
Project("{FAE04EC0-301F-11D3-BF4B-00C04F79EFBC}") = "Pasteleria", "Pasteleria\Pasteleria.csproj", "{C16D0E8D-51F6-4EC6-89F5-061EFA180DA2}"
EndProject
Global
	GlobalSection(SolutionConfigurationPlatforms) = preSolution
		Debug|Any CPU = Debug|Any CPU
		Release|Any CPU = Release|Any CPU
	EndGlobalSection
	GlobalSection(ProjectConfigurationPlatforms) = postSolution
		{C16D0E8D-51F6-4EC6-89F5-061EFA180DA2}.Debug|Any CPU.ActiveCfg = Debug|Any CPU
		{C16D0E8D-51F6-4EC6-89F5-061EFA180DA2}.Debug|Any CPU.Build.0 = Debug|Any CPU
		{C16D0E8D-51F6-4EC6-89F5-061EFA180DA2}.Release|Any CPU.ActiveCfg = Release|Any CPU
		{C16D0E8D-51F6-4EC6-89F5-061EFA180DA2}.Release|Any CPU.Build.0 = Release|Any CPU
	EndGlobalSection
	GlobalSection(SolutionProperties) = preSolution
		HideSolutionNode = FALSE
	EndGlobalSection
	GlobalSection(ExtensibilityGlobals) = postSolution
		SolutionGuid = {AF309634-0DF4-440E-B315-2D7FAEB5FFA3}
	EndGlobalSection
EndGlobal
